
Microsoft Visual Studio Solution File, Format Version 12.00
# Visual Studio Version 17
VisualStudioVersion = 17.9.34728.123
MinimumVisualStudioVersion = 10.0.40219.1
Project("{9A19103F-16F7-4668-BE54-9A1E7A4F7556}") = "Car_Rental_System", "Car_Rental_System.csproj", "{239D8378-64D0-43BC-84FD-350DFA88F50B}"
EndProject
Project("{FAE04EC0-301F-11D3-BF4B-00C04F79EFBC}") = "NunitTestFile", "..\NunitTestFile\NunitTestFile.csproj", "{7FCCD267-11B1-4B1A-BCBF-0E8D0A792B3F}"
EndProject
Global
	GlobalSection(SolutionConfigurationPlatforms) = preSolution
		Debug|Any CPU = Debug|Any CPU
		Release|Any CPU = Release|Any CPU
	EndGlobalSection
	GlobalSection(ProjectConfigurationPlatforms) = postSolution
		{239D8378-64D0-43BC-84FD-350DFA88F50B}.Debug|Any CPU.ActiveCfg = Debug|Any CPU
		{239D8378-64D0-43BC-84FD-350DFA88F50B}.Debug|Any CPU.Build.0 = Debug|Any CPU
		{239D8378-64D0-43BC-84FD-350DFA88F50B}.Release|Any CPU.ActiveCfg = Release|Any CPU
		{239D8378-64D0-43BC-84FD-350DFA88F50B}.Release|Any CPU.Build.0 = Release|Any CPU
		{7FCCD267-11B1-4B1A-BCBF-0E8D0A792B3F}.Debug|Any CPU.ActiveCfg = Debug|Any CPU
		{7FCCD267-11B1-4B1A-BCBF-0E8D0A792B3F}.Debug|Any CPU.Build.0 = Debug|Any CPU
		{7FCCD267-11B1-4B1A-BCBF-0E8D0A792B3F}.Release|Any CPU.ActiveCfg = Release|Any CPU
		{7FCCD267-11B1-4B1A-BCBF-0E8D0A792B3F}.Release|Any CPU.Build.0 = Release|Any CPU
	EndGlobalSection
	GlobalSection(SolutionProperties) = preSolution
		HideSolutionNode = FALSE
	EndGlobalSection
	GlobalSection(ExtensibilityGlobals) = postSolution
		SolutionGuid = {74CED8B9-33CF-442D-9B29-B8FD3F694BBE}
	EndGlobalSection
EndGlobal
